
Microsoft Visual Studio Solution File, Format Version 12.00
# Visual Studio Version 16
VisualStudioVersion = 16.0.30309.148
MinimumVisualStudioVersion = 10.0.40219.1
Project("{FAE04EC0-301F-11D3-BF4B-00C04F79EFBC}") = "HealthcareMember360.AddMember.Listner", "HealthcareMember360.AddMember.Listner\HealthcareMember360.AddMember.Listner.csproj", "{F672DA45-6CF6-41CF-ADDE-F89C766D1F03}"
EndProject
Project("{FAE04EC0-301F-11D3-BF4B-00C04F79EFBC}") = "HealthcareMember360.SubmitClaim.Listner", "HealthcareMember360.SubmitClaim.Listner\HealthcareMember360.SubmitClaim.Listner.csproj", "{8C91D79D-8249-4D11-9536-05D6CB72D5D7}"
EndProject
Project("{FAE04EC0-301F-11D3-BF4B-00C04F79EFBC}") = "HealthcareMember360.UpdateMember.Listner", "HealthcareMember360.UpdateMember.Listner\HealthcareMember360.UpdateMember.Listner.csproj", "{1D19FDD6-3542-4F4E-815E-D2D7995D79BB}"
EndProject
Global
	GlobalSection(SolutionConfigurationPlatforms) = preSolution
		Debug|Any CPU = Debug|Any CPU
		Release|Any CPU = Release|Any CPU
	EndGlobalSection
	GlobalSection(ProjectConfigurationPlatforms) = postSolution
		{F672DA45-6CF6-41CF-ADDE-F89C766D1F03}.Debug|Any CPU.ActiveCfg = Debug|Any CPU
		{F672DA45-6CF6-41CF-ADDE-F89C766D1F03}.Debug|Any CPU.Build.0 = Debug|Any CPU
		{F672DA45-6CF6-41CF-ADDE-F89C766D1F03}.Release|Any CPU.ActiveCfg = Release|Any CPU
		{F672DA45-6CF6-41CF-ADDE-F89C766D1F03}.Release|Any CPU.Build.0 = Release|Any CPU
		{8C91D79D-8249-4D11-9536-05D6CB72D5D7}.Debug|Any CPU.ActiveCfg = Debug|Any CPU
		{8C91D79D-8249-4D11-9536-05D6CB72D5D7}.Debug|Any CPU.Build.0 = Debug|Any CPU
		{8C91D79D-8249-4D11-9536-05D6CB72D5D7}.Release|Any CPU.ActiveCfg = Release|Any CPU
		{8C91D79D-8249-4D11-9536-05D6CB72D5D7}.Release|Any CPU.Build.0 = Release|Any CPU
		{1D19FDD6-3542-4F4E-815E-D2D7995D79BB}.Debug|Any CPU.ActiveCfg = Debug|Any CPU
		{1D19FDD6-3542-4F4E-815E-D2D7995D79BB}.Debug|Any CPU.Build.0 = Debug|Any CPU
		{1D19FDD6-3542-4F4E-815E-D2D7995D79BB}.Release|Any CPU.ActiveCfg = Release|Any CPU
		{1D19FDD6-3542-4F4E-815E-D2D7995D79BB}.Release|Any CPU.Build.0 = Release|Any CPU
	EndGlobalSection
	GlobalSection(SolutionProperties) = preSolution
		HideSolutionNode = FALSE
	EndGlobalSection
	GlobalSection(ExtensibilityGlobals) = postSolution
		SolutionGuid = {25412BB4-E8DD-4B5B-9908-872E028639C5}
	EndGlobalSection
EndGlobal
